
Microsoft Visual Studio Solution File, Format Version 12.00
# Visual Studio 15
VisualStudioVersion = 15.0.28307.136
MinimumVisualStudioVersion = 10.0.40219.1
Project("{FAE04EC0-301F-11D3-BF4B-00C04F79EFBC}") = "Gaia.Core", "Gaia.Core\Gaia.Core.csproj", "{3A723957-A5AF-4989-B631-D26EE3802CFB}"
EndProject
Project("{FAE04EC0-301F-11D3-BF4B-00C04F79EFBC}") = "Gaia.Services", "Gaia.Services\Gaia.Services.csproj", "{AFF41CEA-D27E-44E9-950E-9C6B93B915D1}"
EndProject
Project("{2150E333-8FDC-42A3-9474-1A3956D46DE8}") = "Domain", "Domain", "{3BAF6F8D-BE9C-432B-A4B0-F35240BC9719}"
EndProject
Project("{2150E333-8FDC-42A3-9474-1A3956D46DE8}") = "Tests", "Tests", "{AC310484-F51C-4AE9-B84F-7B987878CF13}"
EndProject
Project("{2150E333-8FDC-42A3-9474-1A3956D46DE8}") = "Web", "Web", "{4FCC2139-6355-4412-A793-1A49D00536AF}"
EndProject
Project("{FAE04EC0-301F-11D3-BF4B-00C04F79EFBC}") = "Gaia.Web", "Gaia.Web\Gaia.Web.csproj", "{E864FC88-CD05-42E0-99D1-0532BD4CAF0F}"
EndProject
Project("{2150E333-8FDC-42A3-9474-1A3956D46DE8}") = "Data", "Data", "{BFD0DBE4-14BE-4295-82FA-8AE43072E897}"
EndProject
Project("{FAE04EC0-301F-11D3-BF4B-00C04F79EFBC}") = "Gaia.Data.EFCore", "Gaia.Data.EFCore\Gaia.Data.EFCore.csproj", "{A41215F2-8B56-48C5-96E8-06A15012F751}"
EndProject
Project("{FAE04EC0-301F-11D3-BF4B-00C04F79EFBC}") = "Gaia.Data.MongoDb", "Gaia.Data.MongoDb\Gaia.Data.MongoDb.csproj", "{1C3C26B0-63E7-4E50-9F6B-7D78A954CAFC}"
EndProject
Global
	GlobalSection(SolutionConfigurationPlatforms) = preSolution
		Debug|Any CPU = Debug|Any CPU
		Release|Any CPU = Release|Any CPU
	EndGlobalSection
	GlobalSection(ProjectConfigurationPlatforms) = postSolution
		{3A723957-A5AF-4989-B631-D26EE3802CFB}.Debug|Any CPU.ActiveCfg = Debug|Any CPU
		{3A723957-A5AF-4989-B631-D26EE3802CFB}.Debug|Any CPU.Build.0 = Debug|Any CPU
		{3A723957-A5AF-4989-B631-D26EE3802CFB}.Release|Any CPU.ActiveCfg = Release|Any CPU
		{3A723957-A5AF-4989-B631-D26EE3802CFB}.Release|Any CPU.Build.0 = Release|Any CPU
		{AFF41CEA-D27E-44E9-950E-9C6B93B915D1}.Debug|Any CPU.ActiveCfg = Debug|Any CPU
		{AFF41CEA-D27E-44E9-950E-9C6B93B915D1}.Debug|Any CPU.Build.0 = Debug|Any CPU
		{AFF41CEA-D27E-44E9-950E-9C6B93B915D1}.Release|Any CPU.ActiveCfg = Release|Any CPU
		{AFF41CEA-D27E-44E9-950E-9C6B93B915D1}.Release|Any CPU.Build.0 = Release|Any CPU
		{E864FC88-CD05-42E0-99D1-0532BD4CAF0F}.Debug|Any CPU.ActiveCfg = Debug|Any CPU
		{E864FC88-CD05-42E0-99D1-0532BD4CAF0F}.Debug|Any CPU.Build.0 = Debug|Any CPU
		{E864FC88-CD05-42E0-99D1-0532BD4CAF0F}.Release|Any CPU.ActiveCfg = Release|Any CPU
		{E864FC88-CD05-42E0-99D1-0532BD4CAF0F}.Release|Any CPU.Build.0 = Release|Any CPU
		{A41215F2-8B56-48C5-96E8-06A15012F751}.Debug|Any CPU.ActiveCfg = Debug|Any CPU
		{A41215F2-8B56-48C5-96E8-06A15012F751}.Debug|Any CPU.Build.0 = Debug|Any CPU
		{A41215F2-8B56-48C5-96E8-06A15012F751}.Release|Any CPU.ActiveCfg = Release|Any CPU
		{A41215F2-8B56-48C5-96E8-06A15012F751}.Release|Any CPU.Build.0 = Release|Any CPU
		{1C3C26B0-63E7-4E50-9F6B-7D78A954CAFC}.Debug|Any CPU.ActiveCfg = Debug|Any CPU
		{1C3C26B0-63E7-4E50-9F6B-7D78A954CAFC}.Debug|Any CPU.Build.0 = Debug|Any CPU
		{1C3C26B0-63E7-4E50-9F6B-7D78A954CAFC}.Release|Any CPU.ActiveCfg = Release|Any CPU
		{1C3C26B0-63E7-4E50-9F6B-7D78A954CAFC}.Release|Any CPU.Build.0 = Release|Any CPU
	EndGlobalSection
	GlobalSection(SolutionProperties) = preSolution
		HideSolutionNode = FALSE
	EndGlobalSection
	GlobalSection(NestedProjects) = preSolution
		{3A723957-A5AF-4989-B631-D26EE3802CFB} = {3BAF6F8D-BE9C-432B-A4B0-F35240BC9719}
		{AFF41CEA-D27E-44E9-950E-9C6B93B915D1} = {3BAF6F8D-BE9C-432B-A4B0-F35240BC9719}
		{E864FC88-CD05-42E0-99D1-0532BD4CAF0F} = {4FCC2139-6355-4412-A793-1A49D00536AF}
		{A41215F2-8B56-48C5-96E8-06A15012F751} = {BFD0DBE4-14BE-4295-82FA-8AE43072E897}
		{1C3C26B0-63E7-4E50-9F6B-7D78A954CAFC} = {BFD0DBE4-14BE-4295-82FA-8AE43072E897}
	EndGlobalSection
	GlobalSection(ExtensibilityGlobals) = postSolution
		SolutionGuid = {C63F8B60-44F4-4348-A42B-DE24F335B73A}
	EndGlobalSection
EndGlobal
